github.com/lysShub/bytespool-go v0.1.0 h1:kPyzLrS9dxnOJd5Rw50qxBfZAHHc1X81kFD279zNfNc=
github.com/lysShub/bytespool-go v0.1.0/go.mod h1:jlNRDj5f3He5ARM+LdzTnG9dDcSnxW0vHxZOLIyRM9k=
github.com/lysShub/debug-go v0.1.1 h1:00m42SnPAlFe9qoyauS005PS0k10JD+Gie/tx54OFN8=
github.com/lysShub/debug-go v0.1.1/go.mod h1:CNRRJzpWlIqImdsnJf0l/MSqpSllYxeJQ1zVo7sUr7g=
golang.org/x/sys v0.47.0 h1:o7XGOvZQCADBQQ4Y7VNq2dRWQR7JmOUW8Kxx4ZsNgWs=
golang.org/x/sys v0.47.0/go.mod h1:4GL1E5IUh+htKOUEOaiffhrAeqysfVGipDYzABqnCmw=
